# This file is generated by running "yarn install" inside your project.
# Manual changes might be lost - proceed with caution!

__metadata:
  version: 6
  cacheKey: 8

"@types/google-apps-script@npm:^1.0.41":
  version: 1.0.41
  resolution: "@types/google-apps-script@npm:1.0.41"
  checksum: 21176ca905557a29c3e3968e3007ff7e96ad3f9f7fb674a1dd90633ab313166b2a54f5879576d7b76d5cc62f5387d78c8407ff77a937bdfc26caa324072ba836
  languageName: node
  linkType: hard

"WizardScene@workspace:.":
  version: 0.0.0-use.local
  resolution: "WizardScene@workspace:."
  dependencies:
    "@types/google-apps-script": ^1.0.41
    prettier: ^2.4.1
    typescript: ^4.5.2
  languageName: unknown
  linkType: soft

"prettier@npm:^2.4.1":
  version: 2.4.1
  resolution: "prettier@npm:2.4.1"
  bin:
    prettier: bin-prettier.js
  checksum: cc6830588b401b0d742862fe9c46bc9118204fb307c3abe0e49e95b35ed23629573807ffdf9cdd65289c252a0bb51fc0171437f6626ee36378dea80f0ee80b91
  languageName: node
  linkType: hard

"typescript@npm:^4.5.2":
  version: 4.5.2
  resolution: "typescript@npm:4.5.2"
  bin:
    tsc: bin/tsc
    tsserver: bin/tsserver
  checksum: 74f9ce65d532bdf5d0214b3f60cf37992180023388c87a11ee6f838a803067ef0b63c600fa501b0deb07f989257dce1e244c9635ed79feca40bbccf6e0aa1ebc
  languageName: node
  linkType: hard

"typescript@patch:typescript@^4.5.2#~builtin<compat/typescript>":
  version: 4.5.2
  resolution: "typescript@patch:typescript@npm%3A4.5.2#~builtin<compat/typescript>::version=4.5.2&hash=701156"
  bin:
    tsc: bin/tsc
    tsserver: bin/tsserver
  checksum: e25e689eba64f7da7cfc43f8ea76cac7176b56caba42655f0a4cb29c0b7c36e67ca54f33df95902859f56108464245d8b45bcdfe21e3d66d9560feb8db780246
  languageName: node
  linkType: hard
